// !$*UTF8*$!
{
	archiveVersion = 1;
	classes = {
	};
	objectVersion = 56;
	objects = {

/* Begin PBXBuildFile section */
		7A3418732BCAB58D002FD26B /* CountAppApp.swift in Sources */ = {isa = PBXBuildFile; fileRef = 7A3418722BCAB58D002FD26B /* CountAppApp.swift */; };
		7A3418752BCAB58D002FD26B /* ContentView.swift in Sources */ = {isa = PBXBuildFile; fileRef = 7A3418742BCAB58D002FD26B /* ContentView.swift */; };
		7A3418772BCAB58E002FD26B /* Assets.xcassets in Resources */ = {isa = PBXBuildFile; fileRef = 7A3418762BCAB58E002FD26B /* Assets.xcassets */; };
		7A34187A2BCAB58E002FD26B /* Preview Assets.xcassets in Resources */ = {isa = PBXBuildFile; fileRef = 7A3418792BCAB58E002FD26B /* Preview Assets.xcassets */; };
		7A3418842BCAB58F002FD26B /* CountAppTests.swift in Sources */ = {isa = PBXBuildFile; fileRef = 7A3418832BCAB58F002FD26B /* CountAppTests.swift */; };
		7A34188E2BCAB58F002FD26B /* CountAppUITests.swift in Sources */ = {isa = PBXBuildFile; fileRef = 7A34188D2BCAB58F002FD26B /* CountAppUITests.swift */; };
		7A3418902BCAB58F002FD26B /* CountAppUITestsLaunchTests.swift in Sources */ = {isa = PBXBuildFile; fileRef = 7A34188F2BCAB58F002FD26B /* CountAppUITestsLaunchTests.swift */; };
/* End PBXBuildFile section */

/* Begin PBXContainerItemProxy section */
		7A3418802BCAB58F002FD26B /* PBXContainerItemProxy */ = {
			isa = PBXContainerItemProxy;
			containerPortal = 7A3418672BCAB58D002FD26B /* Project object */;
			proxyType = 1;
			remoteGlobalIDString = 7A34186E2BCAB58D002FD26B;
			remoteInfo = CountApp;
		};
		7A34188A2BCAB58F002FD26B /* PBXContainerItemProxy */ = {
			isa = PBXContainerItemProxy;
			containerPortal = 7A3418672BCAB58D002FD26B /* Project object */;
			proxyType = 1;
			remoteGlobalIDString = 7A34186E2BCAB58D002FD26B;
			remoteInfo = CountApp;
		};
/* End PBXContainerItemProxy section */

/* Begin PBXFileReference section */
		7A34186F2BCAB58D002FD26B /* CountApp.app */ = {isa = PBXFileReference; explicitFileType = wrapper.application; includeInIndex = 0; path = CountApp.app; sourceTree = BUILT_PRODUCTS_DIR; };
		7A3418722BCAB58D002FD26B /* CountAppApp.swift */ = {isa = PBXFileReference; lastKnownFileType = sourcecode.swift; path = CountAppApp.swift; sourceTree = "<group>"; };
		7A3418742BCAB58D002FD26B /* ContentView.swift */ = {isa = PBXFileReference; lastKnownFileType = sourcecode.swift; path = ContentView.swift; sourceTree = "<group>"; };
		7A3418762BCAB58E002FD26B /* Assets.xcassets */ = {isa = PBXFileReference; lastKnownFileType = folder.assetcatalog; path = Assets.xcassets; sourceTree = "<group>"; };
		7A3418792BCAB58E002FD26B /* Preview Assets.xcassets */ = {isa = PBXFileReference; lastKnownFileType = folder.assetcatalog; path = "Preview Assets.xcassets"; sourceTree = "<group>"; };
		7A34187F2BCAB58F002FD26B /* CountAppTests.xctest */ = {isa = PBXFileReference; explicitFileType = wrapper.cfbundle; includeInIndex = 0; path = CountAppTests.xctest; sourceTree = BUILT_PRODUCTS_DIR; };
		7A3418832BCAB58F002FD26B /* CountAppTests.swift */ = {isa = PBXFileReference; lastKnownFileType = sourcecode.swift; path = CountAppTests.swift; sourceTree = "<group>"; };
		7A3418892BCAB58F002FD26B /* CountAppUITests.xctest */ = {isa = PBXFileReference; explicitFileType = wrapper.cfbundle; includeInIndex = 0; path = CountAppUITests.xctest; sourceTree = BUILT_PRODUCTS_DIR; };
		7A34188D2BCAB58F002FD26B /* CountAppUITests.swift */ = {isa = PBXFileReference; lastKnownFileType = sourcecode.swift; path = CountAppUITests.swift; sourceTree = "<group>"; };
		7A34188F2BCAB58F002FD26B /* CountAppUITestsLaunchTests.swift */ = {isa = PBXFileReference; lastKnownFileType = sourcecode.swift; path = CountAppUITestsLaunchTests.swift; sourceTree = "<group>"; };
/* End PBXFileReference section */

/* Begin PBXFrameworksBuildPhase section */
		7A34186C2BCAB58D002FD26B /* Frameworks */ = {
			isa = PBXFrameworksBuildPhase;
			buildActionMask = 2147483647;
			files = (
			);
			runOnlyForDeploymentPostprocessing = 0;
		};
		7A34187C2BCAB58E002FD26B /* Frameworks */ = {
			isa = PBXFrameworksBuildPhase;
			buildActionMask = 2147483647;
			files = (
			);
			runOnlyForDeploymentPostprocessing = 0;
		};
		7A3418862BCAB58F002FD26B /* Frameworks */ = {
			isa = PBXFrameworksBuildPhase;
			buildActionMask = 2147483647;
			files = (
			);
			runOnlyForDeploymentPostprocessing = 0;
		};
/* End PBXFrameworksBuildPhase section */

/* Begin PBXGroup section */
		7A3418662BCAB58D002FD26B = {
			isa = PBXGroup;
			children = (
				7A3418712BCAB58D002FD26B /* CountApp */,
				7A3418822BCAB58F002FD26B /* CountAppTests */,
				7A34188C2BCAB58F002FD26B /* CountAppUITests */,
				7A3418702BCAB58D002FD26B /* Products */,
			);
			sourceTree = "<group>";
		};
		7A3418702BCAB58D002FD26B /* Products */ = {
			isa = PBXGroup;
			children = (
				7A34186F2BCAB58D002FD26B /* CountApp.app */,
				7A34187F2BCAB58F002FD26B /* CountAppTests.xctest */,
				7A3418892BCAB58F002FD26B /* CountAppUITests.xctest */,
			);
			name = Products;
			sourceTree = "<group>";
		};
		7A3418712BCAB58D002FD26B /* CountApp */ = {
			isa = PBXGroup;
			children = (
				7A3418722BCAB58D002FD26B /* CountAppApp.swift */,
				7A3418742BCAB58D002FD26B /* ContentView.swift */,
				7A3418762BCAB58E002FD26B /* Assets.xcassets */,
				7A3418782BCAB58E002FD26B /* Preview Content */,
			);
			path = CountApp;
			sourceTree = "<group>";
		};
		7A3418782BCAB58E002FD26B /* Preview Content */ = {
			isa = PBXGroup;
			children = (
				7A3418792BCAB58E002FD26B /* Preview Assets.xcassets */,
			);
			path = "Preview Content";
			sourceTree = "<group>";
		};
		7A3418822BCAB58F002FD26B /* CountAppTests */ = {
			isa = PBXGroup;
			children = (
				7A3418832BCAB58F002FD26B /* CountAppTests.swift */,
			);
			path = CountAppTests;
			sourceTree = "<group>";
		};
		7A34188C2BCAB58F002FD26B /* CountAppUITests */ = {
			isa = PBXGroup;
			children = (
				7A34188D2BCAB58F002FD26B /* CountAppUITests.swift */,
				7A34188F2BCAB58F002FD26B /* CountAppUITestsLaunchTests.swift */,
			);
			path = CountAppUITests;
			sourceTree = "<group>";
		};
/* End PBXGroup section */

/* Begin PBXNativeTarget section */
		7A34186E2BCAB58D002FD26B /* CountApp */ = {
			isa = PBXNativeTarget;
			buildConfigurationList = 7A3418932BCAB58F002FD26B /* Build configuration list for PBXNativeTarget "CountApp" */;
			buildPhases = (
				7A34186B2BCAB58D002FD26B /* Sources */,
				7A34186C2BCAB58D002FD26B /* Frameworks */,
				7A34186D2BCAB58D002FD26B /* Resources */,
			);
			buildRules = (
			);
			dependencies = (
			);
			name = CountApp;
			productName = CountApp;
			productReference = 7A34186F2BCAB58D002FD26B /* CountApp.app */;
			productType = "com.apple.product-type.application";
		};
		7A34187E2BCAB58E002FD26B /* CountAppTests */ = {
			isa = PBXNativeTarget;
			buildConfigurationList = 7A3418962BCAB58F002FD26B /* Build configuration list for PBXNativeTarget "CountAppTests" */;
			buildPhases = (
				7A34187B2BCAB58E002FD26B /* Sources */,
				7A34187C2BCAB58E002FD26B /* Frameworks */,
				7A34187D2BCAB58E002FD26B /* Resources */,
			);
			buildRules = (
			);
			dependencies = (
				7A3418812BCAB58F002FD26B /* PBXTargetDependency */,
			);
			name = CountAppTests;
			productName = CountAppTests;
			productReference = 7A34187F2BCAB58F002FD26B /* CountAppTests.xctest */;
			productType = "com.apple.product-type.bundle.unit-test";
		};
		7A3418882BCAB58F002FD26B /* CountAppUITests */ = {
			isa = PBXNativeTarget;
			buildConfigurationList = 7A3418992BCAB58F002FD26B /* Build configuration list for PBXNativeTarget "CountAppUITests" */;
			buildPhases = (
				7A3418852BCAB58F002FD26B /* Sources */,
				7A3418862BCAB58F002FD26B /* Frameworks */,
				7A3418872BCAB58F002FD26B /* Resources */,
			);
			buildRules = (
			);
			dependencies = (
				7A34188B2BCAB58F002FD26B /* PBXTargetDependency */,
			);
			name = CountAppUITests;
			productName = CountAppUITests;
			productReference = 7A3418892BCAB58F002FD26B /* CountAppUITests.xctest */;
			productType = "com.apple.product-type.bundle.ui-testing";
		};
/* End PBXNativeTarget section */

/* Begin PBXProject section */
		7A3418672BCAB58D002FD26B /* Project object */ = {
			isa = PBXProject;
			attributes = {
				BuildIndependentTargetsInParallel = 1;
				LastSwiftUpdateCheck = 1430;
				LastUpgradeCheck = 1430;
				TargetAttributes = {
					7A34186E2BCAB58D002FD26B = {
						CreatedOnToolsVersion = 14.3.1;
					};
					7A34187E2BCAB58E002FD26B = {
						CreatedOnToolsVersion = 14.3.1;
						TestTargetID = 7A34186E2BCAB58D002FD26B;
					};
					7A3418882BCAB58F002FD26B = {
						CreatedOnToolsVersion = 14.3.1;
						TestTargetID = 7A34186E2BCAB58D002FD26B;
					};
				};
			};
			buildConfigurationList = 7A34186A2BCAB58D002FD26B /* Build configuration list for PBXProject "CountApp" */;
			compatibilityVersion = "Xcode 14.0";
			developmentRegion = en;
			hasScannedForEncodings = 0;
			knownRegions = (
				en,
				Base,
			);
			mainGroup = 7A3418662BCAB58D002FD26B;
			productRefGroup = 7A3418702BCAB58D002FD26B /* Products */;
			projectDirPath = "";
			projectRoot = "";
			targets = (
				7A34186E2BCAB58D002FD26B /* CountApp */,
				7A34187E2BCAB58E002FD26B /* CountAppTests */,
				7A3418882BCAB58F002FD26B /* CountAppUITests */,
			);
		};
/* End PBXProject section */

/* Begin PBXResourcesBuildPhase section */
		7A34186D2BCAB58D002FD26B /* Resources */ = {
			isa = PBXResourcesBuildPhase;
			buildActionMask = 2147483647;
			files = (
				7A34187A2BCAB58E002FD26B /* Preview Assets.xcassets in Resources */,
				7A3418772BCAB58E002FD26B /* Assets.xcassets in Resources */,
			);
			runOnlyForDeploymentPostprocessing = 0;
		};
		7A34187D2BCAB58E002FD26B /* Resources */ = {
			isa = PBXResourcesBuildPhase;
			buildActionMask = 2147483647;
			files = (
			);
			runOnlyForDeploymentPostprocessing = 0;
		};
		7A3418872BCAB58F002FD26B /* Resources */ = {
			isa = PBXResourcesBuildPhase;
			buildActionMask = 2147483647;
			files = (
			);
			runOnlyForDeploymentPostprocessing = 0;
		};
/* End PBXResourcesBuildPhase section */

/* Begin PBXSourcesBuildPhase section */
		7A34186B2BCAB58D002FD26B /* Sources */ = {
			isa = PBXSourcesBuildPhase;
			buildActionMask = 2147483647;
			files = (
				7A3418752BCAB58D002FD26B /* ContentView.swift in Sources */,
				7A3418732BCAB58D002FD26B /* CountAppApp.swift in Sources */,
			);
			runOnlyForDeploymentPostprocessing = 0;
		};
		7A34187B2BCAB58E002FD26B /* Sources */ = {
			isa = PBXSourcesBuildPhase;
			buildActionMask = 2147483647;
			files = (
				7A3418842BCAB58F002FD26B /* CountAppTests.swift in Sources */,
			);
			runOnlyForDeploymentPostprocessing = 0;
		};
		7A3418852BCAB58F002FD26B /* Sources */ = {
			isa = PBXSourcesBuildPhase;
			buildActionMask = 2147483647;
			files = (
				7A3418902BCAB58F002FD26B /* CountAppUITestsLaunchTests.swift in Sources */,
				7A34188E2BCAB58F002FD26B /* CountAppUITests.swift in Sources */,
			);
			runOnlyForDeploymentPostprocessing = 0;
		};
/* End PBXSourcesBuildPhase section */

/* Begin PBXTargetDependency section */
		7A3418812BCAB58F002FD26B /* PBXTargetDependency */ = {
			isa = PBXTargetDependency;
			target = 7A34186E2BCAB58D002FD26B /* CountApp */;
			targetProxy = 7A3418802BCAB58F002FD26B /* PBXContainerItemProxy */;
		};
		7A34188B2BCAB58F002FD26B /* PBXTargetDependency */ = {
			isa = PBXTargetDependency;
			target = 7A34186E2BCAB58D002FD26B /* CountApp */;
			targetProxy = 7A34188A2BCAB58F002FD26B /* PBXContainerItemProxy */;
		};
/* End PBXTargetDependency section */

/* Begin XCBuildConfiguration section */
		7A3418912BCAB58F002FD26B /* Debug */ = {
			isa = XCBuildConfiguration;
			buildSettings = {
				ALWAYS_SEARCH_USER_PATHS = NO;
				CLANG_ANALYZER_NONNULL = YES;
				CLANG_ANALYZER_NUMBER_OBJECT_CONVERSION = YES_AGGRESSIVE;
				CLANG_CXX_LANGUAGE_STANDARD = "gnu++20";
				CLANG_ENABLE_MODULES = YES;
				CLANG_ENABLE_OBJC_ARC = YES;
				CLANG_ENABLE_OBJC_WEAK = YES;
				CLANG_WARN_BLOCK_CAPTURE_AUTORELEASING = YES;
				CLANG_WARN_BOOL_CONVERSION = YES;
				CLANG_WARN_COMMA = YES;
				CLANG_WARN_CONSTANT_CONVERSION = YES;
				CLANG_WARN_DEPRECATED_OBJC_IMPLEMENTATIONS = YES;
				CLANG_WARN_DIRECT_OBJC_ISA_USAGE = YES_ERROR;
				CLANG_WARN_DOCUMENTATION_COMMENTS = YES;
				CLANG_WARN_EMPTY_BODY = YES;
				CLANG_WARN_ENUM_CONVERSION = YES;
				CLANG_WARN_INFINITE_RECURSION = YES;
				CLANG_WARN_INT_CONVERSION = YES;
				CLANG_WARN_NON_LITERAL_NULL_CONVERSION = YES;
				CLANG_WARN_OBJC_IMPLICIT_RETAIN_SELF = YES;
				CLANG_WARN_OBJC_LITERAL_CONVERSION = YES;
				CLANG_WARN_OBJC_ROOT_CLASS = YES_ERROR;
				CLANG_WARN_QUOTED_INCLUDE_IN_FRAMEWORK_HEADER = YES;
				CLANG_WARN_RANGE_LOOP_ANALYSIS = YES;
				CLANG_WARN_STRICT_PROTOTYPES = YES;
				CLANG_WARN_SUSPICIOUS_MOVE = YES;
				CLANG_WARN_UNGUARDED_AVAILABILITY = YES_AGGRESSIVE;
				CLANG_WARN_UNREACHABLE_CODE = YES;
				CLANG_WARN__DUPLICATE_METHOD_MATCH = YES;
				COPY_PHASE_STRIP = NO;
				DEBUG_INFORMATION_FORMAT = dwarf;
				ENABLE_STRICT_OBJC_MSGSEND = YES;
				ENABLE_TESTABILITY = YES;
				GCC_C_LANGUAGE_STANDARD = gnu11;
				GCC_DYNAMIC_NO_PIC = NO;
				GCC_NO_COMMON_BLOCKS = YES;
				GCC_OPTIMIZATION_LEVEL = 0;
				GCC_PREPROCESSOR_DEFINITIONS = (
					"DEBUG=1",
					"$(inherited)",
				);
				GCC_WARN_64_TO_32_BIT_CONVERSION = YES;
				GCC_WARN_ABOUT_RETURN_TYPE = YES_ERROR;
				GCC_WARN_UNDECLARED_SELECTOR = YES;
				GCC_WARN_UNINITIALIZED_AUTOS = YES_AGGRESSIVE;
				GCC_WARN_UNUSED_FUNCTION = YES;
				GCC_WARN_UNUSED_VARIABLE = YES;
				IPHONEOS_DEPLOYMENT_TARGET = 16.4;
				MTL_ENABLE_DEBUG_INFO = INCLUDE_SOURCE;
				MTL_FAST_MATH = YES;
				ONLY_ACTIVE_ARCH = YES;
				SDKROOT = iphoneos;
				SWIFT_ACTIVE_COMPILATION_CONDITIONS = DEBUG;
				SWIFT_OPTIMIZATION_LEVEL = "-Onone";
			};
			name = Debug;
		};
		7A3418922BCAB58F002FD26B /* Release */ = {
			isa = XCBuildConfiguration;
			buildSettings = {
				ALWAYS_SEARCH_USER_PATHS = NO;
				CLANG_ANALYZER_NONNULL = YES;
				CLANG_ANALYZER_NUMBER_OBJECT_CONVERSION = YES_AGGRESSIVE;
				CLANG_CXX_LANGUAGE_STANDARD = "gnu++20";
				CLANG_ENABLE_MODULES = YES;
				CLANG_ENABLE_OBJC_ARC = YES;
				CLANG_ENABLE_OBJC_WEAK = YES;
				CLANG_WARN_BLOCK_CAPTURE_AUTORELEASING = YES;
				CLANG_WARN_BOOL_CONVERSION = YES;
				CLANG_WARN_COMMA = YES;
				CLANG_WARN_CONSTANT_CONVERSION = YES;
				CLANG_WARN_DEPRECATED_OBJC_IMPLEMENTATIONS = YES;
				CLANG_WARN_DIRECT_OBJC_ISA_USAGE = YES_ERROR;
				CLANG_WARN_DOCUMENTATION_COMMENTS = YES;
				CLANG_WARN_EMPTY_BODY = YES;
				CLANG_WARN_ENUM_CONVERSION = YES;
				CLANG_WARN_INFINITE_RECURSION = YES;
				CLANG_WARN_INT_CONVERSION = YES;
				CLANG_WARN_NON_LITERAL_NULL_CONVERSION = YES;
				CLANG_WARN_OBJC_IMPLICIT_RETAIN_SELF = YES;
				CLANG_WARN_OBJC_LITERAL_CONVERSION = YES;
				CLANG_WARN_OBJC_ROOT_CLASS = YES_ERROR;
				CLANG_WARN_QUOTED_INCLUDE_IN_FRAMEWORK_HEADER = YES;
				CLANG_WARN_RANGE_LOOP_ANALYSIS = YES;
				CLANG_WARN_STRICT_PROTOTYPES = YES;
				CLANG_WARN_SUSPICIOUS_MOVE = YES;
				CLANG_WARN_UNGUARDED_AVAILABILITY = YES_AGGRESSIVE;
				CLANG_WARN_UNREACHABLE_CODE = YES;
				CLANG_WARN__DUPLICATE_METHOD_MATCH = YES;
				COPY_PHASE_STRIP = NO;
				DEBUG_INFORMATION_FORMAT = "dwarf-with-dsym";
				ENABLE_NS_ASSERTIONS = NO;
				ENABLE_STRICT_OBJC_MSGSEND = YES;
				GCC_C_LANGUAGE_STANDARD = gnu11;
				GCC_NO_COMMON_BLOCKS = YES;
				GCC_WARN_64_TO_32_BIT_CONVERSION = YES;
				GCC_WARN_ABOUT_RETURN_TYPE = YES_ERROR;
				GCC_WARN_UNDECLARED_SELECTOR = YES;
				GCC_WARN_UNINITIALIZED_AUTOS = YES_AGGRESSIVE;
				GCC_WARN_UNUSED_FUNCTION = YES;
				GCC_WARN_UNUSED_VARIABLE = YES;
				IPHONEOS_DEPLOYMENT_TARGET = 16.4;
				MTL_ENABLE_DEBUG_INFO = NO;
				MTL_FAST_MATH = YES;
				SDKROOT = iphoneos;
				SWIFT_COMPILATION_MODE = wholemodule;
				SWIFT_OPTIMIZATION_LEVEL = "-O";
				VALIDATE_PRODUCT = YES;
			};
			name = Release;
		};
		7A3418942BCAB58F002FD26B /* Debug */ = {
			isa = XCBuildConfiguration;
			buildSettings = {
				ASSETCATALOG_COMPILER_APPICON_NAME = AppIcon;
				ASSETCATALOG_COMPILER_GLOBAL_ACCENT_COLOR_NAME = AccentColor;
				CODE_SIGN_STYLE = Automatic;
				CURRENT_PROJECT_VERSION = 1;
				DEVELOPMENT_ASSET_PATHS = "\"CountApp/Preview Content\"";
				ENABLE_PREVIEWS = YES;
				GENERATE_INFOPLIST_FILE = YES;
				INFOPLIST_KEY_UIApplicationSceneManifest_Generation = YES;
				INFOPLIST_KEY_UIApplicationSupportsIndirectInputEvents = YES;
				INFOPLIST_KEY_UILaunchScreen_Generation = YES;
				INFOPLIST_KEY_UISupportedInterfaceOrientations_iPad = "UIInterfaceOrientationPortrait UIInterfaceOrientationPortraitUpsideDown UIInterfaceOrientationLandscapeLeft UIInterfaceOrientationLandscapeRight";
				INFOPLIST_KEY_UISupportedInterfaceOrientations_iPhone = "UIInterfaceOrientationPortrait UIInterfaceOrientationLandscapeLeft UIInterfaceOrientationLandscapeRight";
				LD_RUNPATH_SEARCH_PATHS = (
					"$(inherited)",
					"@executable_path/Frameworks",
				);
				MARKETING_VERSION = 1.0;
				PRODUCT_BUNDLE_IDENTIFIER = Me.CountApp;
				PRODUCT_NAME = "$(TARGET_NAME)";
				SWIFT_EMIT_LOC_STRINGS = YES;
				SWIFT_VERSION = 5.0;
				TARGETED_DEVICE_FAMILY = "1,2";
			};
			name = Debug;
		};
		7A3418952BCAB58F002FD26B /* Release */ = {
			isa = XCBuildConfiguration;
			buildSettings = {
				ASSETCATALOG_COMPILER_APPICON_NAME = AppIcon;
				ASSETCATALOG_COMPILER_GLOBAL_ACCENT_COLOR_NAME = AccentColor;
				CODE_SIGN_STYLE = Automatic;
				CURRENT_PROJECT_VERSION = 1;
				DEVELOPMENT_ASSET_PATHS = "\"CountApp/Preview Content\"";
				ENABLE_PREVIEWS = YES;
				GENERATE_INFOPLIST_FILE = YES;
				INFOPLIST_KEY_UIApplicationSceneManifest_Generation = YES;
				INFOPLIST_KEY_UIApplicationSupportsIndirectInputEvents = YES;
				INFOPLIST_KEY_UILaunchScreen_Generation = YES;
				INFOPLIST_KEY_UISupportedInterfaceOrientations_iPad = "UIInterfaceOrientationPortrait UIInterfaceOrientationPortraitUpsideDown UIInterfaceOrientationLandscapeLeft UIInterfaceOrientationLandscapeRight";
				INFOPLIST_KEY_UISupportedInterfaceOrientations_iPhone = "UIInterfaceOrientationPortrait UIInterfaceOrientationLandscapeLeft UIInterfaceOrientationLandscapeRight";
				LD_RUNPATH_SEARCH_PATHS = (
					"$(inherited)",
					"@executable_path/Frameworks",
				);
				MARKETING_VERSION = 1.0;
				PRODUCT_BUNDLE_IDENTIFIER = Me.CountApp;
				PRODUCT_NAME = "$(TARGET_NAME)";
				SWIFT_EMIT_LOC_STRINGS = YES;
				SWIFT_VERSION = 5.0;
				TARGETED_DEVICE_FAMILY = "1,2";
			};
			name = Release;
		};
		7A3418972BCAB58F002FD26B /* Debug */ = {
			isa = XCBuildConfiguration;
			buildSettings = {
				ALWAYS_EMBED_SWIFT_STANDARD_LIBRARIES = YES;
				BUNDLE_LOADER = "$(TEST_HOST)";
				CODE_SIGN_STYLE = Automatic;
				CURRENT_PROJECT_VERSION = 1;
				GENERATE_INFOPLIST_FILE = YES;
				IPHONEOS_DEPLOYMENT_TARGET = 16.4;
				MARKETING_VERSION = 1.0;
				PRODUCT_BUNDLE_IDENTIFIER = Me.CountAppTests;
				PRODUCT_NAME = "$(TARGET_NAME)";
				SWIFT_EMIT_LOC_STRINGS = NO;
				SWIFT_VERSION = 5.0;
				TARGETED_DEVICE_FAMILY = "1,2";
				TEST_HOST = "$(BUILT_PRODUCTS_DIR)/CountApp.app/$(BUNDLE_EXECUTABLE_FOLDER_PATH)/CountApp";
			};
			name = Debug;
		};
		7A3418982BCAB58F002FD26B /* Release */ = {
			isa = XCBuildConfiguration;
			buildSettings = {
				ALWAYS_EMBED_SWIFT_STANDARD_LIBRARIES = YES;
				BUNDLE_LOADER = "$(TEST_HOST)";
				CODE_SIGN_STYLE = Automatic;
				CURRENT_PROJECT_VERSION = 1;
				GENERATE_INFOPLIST_FILE = YES;
				IPHONEOS_DEPLOYMENT_TARGET = 16.4;
				MARKETING_VERSION = 1.0;
				PRODUCT_BUNDLE_IDENTIFIER = Me.CountAppTests;
				PRODUCT_NAME = "$(TARGET_NAME)";
				SWIFT_EMIT_LOC_STRINGS = NO;
				SWIFT_VERSION = 5.0;
				TARGETED_DEVICE_FAMILY = "1,2";
				TEST_HOST = "$(BUILT_PRODUCTS_DIR)/CountApp.app/$(BUNDLE_EXECUTABLE_FOLDER_PATH)/CountApp";
			};
			name = Release;
		};
		7A34189A2BCAB58F002FD26B /* Debug */ = {
			isa = XCBuildConfiguration;
			buildSettings = {
				ALWAYS_EMBED_SWIFT_STANDARD_LIBRARIES = YES;
				CODE_SIGN_STYLE = Automatic;
				CURRENT_PROJECT_VERSION = 1;
				GENERATE_INFOPLIST_FILE = YES;
				MARKETING_VERSION = 1.0;
				PRODUCT_BUNDLE_IDENTIFIER = Me.CountAppUITests;
				PRODUCT_NAME = "$(TARGET_NAME)";
				SWIFT_EMIT_LOC_STRINGS = NO;
				SWIFT_VERSION = 5.0;
				TARGETED_DEVICE_FAMILY = "1,2";
				TEST_TARGET_NAME = CountApp;
			};
			name = Debug;
		};
		7A34189B2BCAB58F002FD26B /* Release */ = {
			isa = XCBuildConfiguration;
			buildSettings = {
				ALWAYS_EMBED_SWIFT_STANDARD_LIBRARIES = YES;
				CODE_SIGN_STYLE = Automatic;
				CURRENT_PROJECT_VERSION = 1;
				GENERATE_INFOPLIST_FILE = YES;
				MARKETING_VERSION = 1.0;
				PRODUCT_BUNDLE_IDENTIFIER = Me.CountAppUITests;
				PRODUCT_NAME = "$(TARGET_NAME)";
				SWIFT_EMIT_LOC_STRINGS = NO;
				SWIFT_VERSION = 5.0;
				TARGETED_DEVICE_FAMILY = "1,2";
				TEST_TARGET_NAME = CountApp;
			};
			name = Release;
		};
/* End XCBuildConfiguration section */

/* Begin XCConfigurationList section */
		7A34186A2BCAB58D002FD26B /* Build configuration list for PBXProject "CountApp" */ = {
			isa = XCConfigurationList;
			buildConfigurations = (
				7A3418912BCAB58F002FD26B /* Debug */,
				7A3418922BCAB58F002FD26B /* Release */,
			);
			defaultConfigurationIsVisible = 0;
			defaultConfigurationName = Release;
		};
		7A3418932BCAB58F002FD26B /* Build configuration list for PBXNativeTarget "CountApp" */ = {
			isa = XCConfigurationList;
			buildConfigurations = (
				7A3418942BCAB58F002FD26B /* Debug */,
				7A3418952BCAB58F002FD26B /* Release */,
			);
			defaultConfigurationIsVisible = 0;
			defaultConfigurationName = Release;
		};
		7A3418962BCAB58F002FD26B /* Build configuration list for PBXNativeTarget "CountAppTests" */ = {
			isa = XCConfigurationList;
			buildConfigurations = (
				7A3418972BCAB58F002FD26B /* Debug */,
				7A3418982BCAB58F002FD26B /* Release */,
			);
			defaultConfigurationIsVisible = 0;
			defaultConfigurationName = Release;
		};
		7A3418992BCAB58F002FD26B /* Build configuration list for PBXNativeTarget "CountAppUITests" */ = {
			isa = XCConfigurationList;
			buildConfigurations = (
				7A34189A2BCAB58F002FD26B /* Debug */,
				7A34189B2BCAB58F002FD26B /* Release */,
			);
			defaultConfigurationIsVisible = 0;
			defaultConfigurationName = Release;
		};
/* End XCConfigurationList section */
	};
	rootObject = 7A3418672BCAB58D002FD26B /* Project object */;
}
